
Microsoft Visual Studio Solution File, Format Version 12.00
# Visual Studio Version 16
VisualStudioVersion = 16.0.29613.14
MinimumVisualStudioVersion = 10.0.40219.1
Project("{9A19103F-16F7-4668-BE54-9A1E7A4F7556}") = "OTMS", "OTMS\OTMS.csproj", "{7E1416D0-3931-4214-BC98-F00ABB69F5B5}"
EndProject
Project("{2150E333-8FDC-42A3-9474-1A3956D46DE8}") = "Modules", "Modules", "{DB026965-CA94-4083-A796-9FBD86B9AEB9}"
EndProject
Project("{2150E333-8FDC-42A3-9474-1A3956D46DE8}") = "Infrastructure", "Infrastructure", "{9344779B-52EC-4EF4-A3DA-4BBA39C56C69}"
EndProject
Project("{9A19103F-16F7-4668-BE54-9A1E7A4F7556}") = "Msi.UtilityKit", "Msi.UtilityKit\Msi.UtilityKit.csproj", "{991794D9-E5FE-4BF1-81EC-D145EADC7A21}"
EndProject
Project("{2150E333-8FDC-42A3-9474-1A3956D46DE8}") = "Core", "Core", "{6DF31C22-56F5-461F-BE38-8279004B3876}"
EndProject
Project("{2150E333-8FDC-42A3-9474-1A3956D46DE8}") = "Library", "Library", "{720C31FB-EF1F-495E-80B4-D1DA67460814}"
EndProject
Project("{9A19103F-16F7-4668-BE54-9A1E7A4F7556}") = "Infrastructure", "Infrastructure\Infrastructure.csproj", "{347A9858-AFB0-44E1-B5D4-295CB1184A90}"
EndProject
Project("{9A19103F-16F7-4668-BE54-9A1E7A4F7556}") = "Infrastructure.Data.EFCore", "Infrastructure.Data.EFCore\Infrastructure.Data.EFCore.csproj", "{BE9DCA62-8CF1-40B9-A4F3-947181268123}"
EndProject
Project("{9A19103F-16F7-4668-BE54-9A1E7A4F7556}") = "Module.Core", "Modules\Core\Module.Core\Module.Core.csproj", "{B863E630-14CB-4103-A291-7FD6F5F6E771}"
EndProject
Project("{9A19103F-16F7-4668-BE54-9A1E7A4F7556}") = "Module.Core.Data", "Modules\Core\Module.Core.Data\Module.Core.Data.csproj", "{CFC88087-2D85-4352-BC75-039BE7187573}"
EndProject
Project("{9A19103F-16F7-4668-BE54-9A1E7A4F7556}") = "Infrastructure.Data", "Infrastructure.Data\Infrastructure.Data.csproj", "{DFEBAC86-E6F7-45C4-911E-6027057F8EAC}"
EndProject
Project("{9A19103F-16F7-4668-BE54-9A1E7A4F7556}") = "Module.Core.Entities", "Modules\Core\Module.Core.Entities\Module.Core.Entities.csproj", "{F0710713-FA5C-4F5F-B08D-B2E92B886B59}"
EndProject
Project("{9A19103F-16F7-4668-BE54-9A1E7A4F7556}") = "Module.Library.Entities", "Modules\Library\Module.Library.Entities\Module.Library.Entities.csproj", "{5D27D6F0-5C1A-45BD-84A6-72A0F8609702}"
EndProject
Project("{9A19103F-16F7-4668-BE54-9A1E7A4F7556}") = "Module.Library", "Modules\Library\Module.Library\Module.Library.csproj", "{5B3106EB-5952-432E-8317-68CB1F7D8D79}"
EndProject
Project("{FAE04EC0-301F-11D3-BF4B-00C04F79EFBC}") = "Module.Library.Data", "Modules\Library\Module.Library.Data\Module.Library.Data.csproj", "{8F185F46-0F62-455A-BB31-088FCEFB5A86}"
EndProject
Global
	GlobalSection(SolutionConfigurationPlatforms) = preSolution
		Debug|Any CPU = Debug|Any CPU
		Release|Any CPU = Release|Any CPU
	EndGlobalSection
	GlobalSection(ProjectConfigurationPlatforms) = postSolution
		{7E1416D0-3931-4214-BC98-F00ABB69F5B5}.Debug|Any CPU.ActiveCfg = Debug|Any CPU
		{7E1416D0-3931-4214-BC98-F00ABB69F5B5}.Debug|Any CPU.Build.0 = Debug|Any CPU
		{7E1416D0-3931-4214-BC98-F00ABB69F5B5}.Release|Any CPU.ActiveCfg = Release|Any CPU
		{7E1416D0-3931-4214-BC98-F00ABB69F5B5}.Release|Any CPU.Build.0 = Release|Any CPU
		{991794D9-E5FE-4BF1-81EC-D145EADC7A21}.Debug|Any CPU.ActiveCfg = Debug|Any CPU
		{991794D9-E5FE-4BF1-81EC-D145EADC7A21}.Debug|Any CPU.Build.0 = Debug|Any CPU
		{991794D9-E5FE-4BF1-81EC-D145EADC7A21}.Release|Any CPU.ActiveCfg = Release|Any CPU
		{991794D9-E5FE-4BF1-81EC-D145EADC7A21}.Release|Any CPU.Build.0 = Release|Any CPU
		{347A9858-AFB0-44E1-B5D4-295CB1184A90}.Debug|Any CPU.ActiveCfg = Debug|Any CPU
		{347A9858-AFB0-44E1-B5D4-295CB1184A90}.Debug|Any CPU.Build.0 = Debug|Any CPU
		{347A9858-AFB0-44E1-B5D4-295CB1184A90}.Release|Any CPU.ActiveCfg = Release|Any CPU
		{347A9858-AFB0-44E1-B5D4-295CB1184A90}.Release|Any CPU.Build.0 = Release|Any CPU
		{BE9DCA62-8CF1-40B9-A4F3-947181268123}.Debug|Any CPU.ActiveCfg = Debug|Any CPU
		{BE9DCA62-8CF1-40B9-A4F3-947181268123}.Debug|Any CPU.Build.0 = Debug|Any CPU
		{BE9DCA62-8CF1-40B9-A4F3-947181268123}.Release|Any CPU.ActiveCfg = Release|Any CPU
		{BE9DCA62-8CF1-40B9-A4F3-947181268123}.Release|Any CPU.Build.0 = Release|Any CPU
		{B863E630-14CB-4103-A291-7FD6F5F6E771}.Debug|Any CPU.ActiveCfg = Debug|Any CPU
		{B863E630-14CB-4103-A291-7FD6F5F6E771}.Debug|Any CPU.Build.0 = Debug|Any CPU
		{B863E630-14CB-4103-A291-7FD6F5F6E771}.Release|Any CPU.ActiveCfg = Release|Any CPU
		{B863E630-14CB-4103-A291-7FD6F5F6E771}.Release|Any CPU.Build.0 = Release|Any CPU
		{CFC88087-2D85-4352-BC75-039BE7187573}.Debug|Any CPU.ActiveCfg = Debug|Any CPU
		{CFC88087-2D85-4352-BC75-039BE7187573}.Debug|Any CPU.Build.0 = Debug|Any CPU
		{CFC88087-2D85-4352-BC75-039BE7187573}.Release|Any CPU.ActiveCfg = Release|Any CPU
		{CFC88087-2D85-4352-BC75-039BE7187573}.Release|Any CPU.Build.0 = Release|Any CPU
		{DFEBAC86-E6F7-45C4-911E-6027057F8EAC}.Debug|Any CPU.ActiveCfg = Debug|Any CPU
		{DFEBAC86-E6F7-45C4-911E-6027057F8EAC}.Debug|Any CPU.Build.0 = Debug|Any CPU
		{DFEBAC86-E6F7-45C4-911E-6027057F8EAC}.Release|Any CPU.ActiveCfg = Release|Any CPU
		{DFEBAC86-E6F7-45C4-911E-6027057F8EAC}.Release|Any CPU.Build.0 = Release|Any CPU
		{F0710713-FA5C-4F5F-B08D-B2E92B886B59}.Debug|Any CPU.ActiveCfg = Debug|Any CPU
		{F0710713-FA5C-4F5F-B08D-B2E92B886B59}.Debug|Any CPU.Build.0 = Debug|Any CPU
		{F0710713-FA5C-4F5F-B08D-B2E92B886B59}.Release|Any CPU.ActiveCfg = Release|Any CPU
		{F0710713-FA5C-4F5F-B08D-B2E92B886B59}.Release|Any CPU.Build.0 = Release|Any CPU
		{5D27D6F0-5C1A-45BD-84A6-72A0F8609702}.Debug|Any CPU.ActiveCfg = Debug|Any CPU
		{5D27D6F0-5C1A-45BD-84A6-72A0F8609702}.Debug|Any CPU.Build.0 = Debug|Any CPU
		{5D27D6F0-5C1A-45BD-84A6-72A0F8609702}.Release|Any CPU.ActiveCfg = Release|Any CPU
		{5D27D6F0-5C1A-45BD-84A6-72A0F8609702}.Release|Any CPU.Build.0 = Release|Any CPU
		{5B3106EB-5952-432E-8317-68CB1F7D8D79}.Debug|Any CPU.ActiveCfg = Debug|Any CPU
		{5B3106EB-5952-432E-8317-68CB1F7D8D79}.Debug|Any CPU.Build.0 = Debug|Any CPU
		{5B3106EB-5952-432E-8317-68CB1F7D8D79}.Release|Any CPU.ActiveCfg = Release|Any CPU
		{5B3106EB-5952-432E-8317-68CB1F7D8D79}.Release|Any CPU.Build.0 = Release|Any CPU
		{8F185F46-0F62-455A-BB31-088FCEFB5A86}.Debug|Any CPU.ActiveCfg = Debug|Any CPU
		{8F185F46-0F62-455A-BB31-088FCEFB5A86}.Debug|Any CPU.Build.0 = Debug|Any CPU
		{8F185F46-0F62-455A-BB31-088FCEFB5A86}.Release|Any CPU.ActiveCfg = Release|Any CPU
		{8F185F46-0F62-455A-BB31-088FCEFB5A86}.Release|Any CPU.Build.0 = Release|Any CPU
	EndGlobalSection
	GlobalSection(SolutionProperties) = preSolution
		HideSolutionNode = FALSE
	EndGlobalSection
	GlobalSection(NestedProjects) = preSolution
		{991794D9-E5FE-4BF1-81EC-D145EADC7A21} = {9344779B-52EC-4EF4-A3DA-4BBA39C56C69}
		{6DF31C22-56F5-461F-BE38-8279004B3876} = {DB026965-CA94-4083-A796-9FBD86B9AEB9}
		{720C31FB-EF1F-495E-80B4-D1DA67460814} = {DB026965-CA94-4083-A796-9FBD86B9AEB9}
		{347A9858-AFB0-44E1-B5D4-295CB1184A90} = {9344779B-52EC-4EF4-A3DA-4BBA39C56C69}
		{BE9DCA62-8CF1-40B9-A4F3-947181268123} = {9344779B-52EC-4EF4-A3DA-4BBA39C56C69}
		{B863E630-14CB-4103-A291-7FD6F5F6E771} = {6DF31C22-56F5-461F-BE38-8279004B3876}
		{CFC88087-2D85-4352-BC75-039BE7187573} = {6DF31C22-56F5-461F-BE38-8279004B3876}
		{DFEBAC86-E6F7-45C4-911E-6027057F8EAC} = {9344779B-52EC-4EF4-A3DA-4BBA39C56C69}
		{F0710713-FA5C-4F5F-B08D-B2E92B886B59} = {6DF31C22-56F5-461F-BE38-8279004B3876}
		{5D27D6F0-5C1A-45BD-84A6-72A0F8609702} = {720C31FB-EF1F-495E-80B4-D1DA67460814}
		{5B3106EB-5952-432E-8317-68CB1F7D8D79} = {720C31FB-EF1F-495E-80B4-D1DA67460814}
		{8F185F46-0F62-455A-BB31-088FCEFB5A86} = {720C31FB-EF1F-495E-80B4-D1DA67460814}
	EndGlobalSection
	GlobalSection(ExtensibilityGlobals) = postSolution
		SolutionGuid = {EC35E289-98A4-4835-8C65-0DEEE6BAD1EA}
	EndGlobalSection
EndGlobal
