
Microsoft Visual Studio Solution File, Format Version 12.00
# Visual Studio Version 16
VisualStudioVersion = 16.0.29613.14
MinimumVisualStudioVersion = 10.0.40219.1
Project("{9A19103F-16F7-4668-BE54-9A1E7A4F7556}") = "OTMS", "OTMS\OTMS.csproj", "{7E1416D0-3931-4214-BC98-F00ABB69F5B5}"
EndProject
Project("{2150E333-8FDC-42A3-9474-1A3956D46DE8}") = "Modules", "Modules", "{DB026965-CA94-4083-A796-9FBD86B9AEB9}"
EndProject
Project("{2150E333-8FDC-42A3-9474-1A3956D46DE8}") = "Infrastructure", "Infrastructure", "{9344779B-52EC-4EF4-A3DA-4BBA39C56C69}"
EndProject
Project("{9A19103F-16F7-4668-BE54-9A1E7A4F7556}") = "Msi.UtilityKit", "Msi.UtilityKit\Msi.UtilityKit.csproj", "{991794D9-E5FE-4BF1-81EC-D145EADC7A21}"
EndProject
Project("{2150E333-8FDC-42A3-9474-1A3956D46DE8}") = "Core", "Core", "{6DF31C22-56F5-461F-BE38-8279004B3876}"
EndProject
Project("{2150E333-8FDC-42A3-9474-1A3956D46DE8}") = "Library", "Library", "{720C31FB-EF1F-495E-80B4-D1DA67460814}"
EndProject
Project("{9A19103F-16F7-4668-BE54-9A1E7A4F7556}") = "Infrastructure", "Infrastructure\Infrastructure.csproj", "{347A9858-AFB0-44E1-B5D4-295CB1184A90}"
EndProject
Project("{9A19103F-16F7-4668-BE54-9A1E7A4F7556}") = "Infrastructure.Data.EFCore", "Infrastructure.Data.EFCore\Infrastructure.Data.EFCore.csproj", "{BE9DCA62-8CF1-40B9-A4F3-947181268123}"
EndProject
Project("{9A19103F-16F7-4668-BE54-9A1E7A4F7556}") = "Module.Core", "Modules\Core\Module.Core\Module.Core.csproj", "{B863E630-14CB-4103-A291-7FD6F5F6E771}"
EndProject
Project("{9A19103F-16F7-4668-BE54-9A1E7A4F7556}") = "Module.Core.Data", "Modules\Core\Module.Core.Data\Module.Core.Data.csproj", "{CFC88087-2D85-4352-BC75-039BE7187573}"
EndProject
Project("{9A19103F-16F7-4668-BE54-9A1E7A4F7556}") = "Infrastructure.Data", "Infrastructure.Data\Infrastructure.Data.csproj", "{DFEBAC86-E6F7-45C4-911E-6027057F8EAC}"
EndProject
Project("{9A19103F-16F7-4668-BE54-9A1E7A4F7556}") = "Module.Core.Entities", "Modules\Core\Module.Core.Entities\Module.Core.Entities.csproj", "{F0710713-FA5C-4F5F-B08D-B2E92B886B59}"
EndProject
Project("{9A19103F-16F7-4668-BE54-9A1E7A4F7556}") = "Module.Library.Entities", "Modules\Library\Module.Library.Entities\Module.Library.Entities.csproj", "{5D27D6F0-5C1A-45BD-84A6-72A0F8609702}"
EndProject
Project("{9A19103F-16F7-4668-BE54-9A1E7A4F7556}") = "Module.Library", "Modules\Library\Module.Library\Module.Library.csproj", "{5B3106EB-5952-432E-8317-68CB1F7D8D79}"
EndProject
Project("{9A19103F-16F7-4668-BE54-9A1E7A4F7556}") = "Module.Library.Data", "Modules\Library\Module.Library.Data\Module.Library.Data.csproj", "{8F185F46-0F62-455A-BB31-088FCEFB5A86}"
EndProject
Project("{2150E333-8FDC-42A3-9474-1A3956D46DE8}") = "Asset", "Asset", "{D129826C-A205-42AD-9DD3-8FB6E6231B61}"
EndProject
Project("{9A19103F-16F7-4668-BE54-9A1E7A4F7556}") = "Module.Asset", "Modules\Asset\Module.Asset\Module.Asset.csproj", "{D445EBA7-70CD-446B-85E7-4F327F72F1CC}"
EndProject
Project("{9A19103F-16F7-4668-BE54-9A1E7A4F7556}") = "Module.Asset.Data", "Modules\Asset\Module.Asset.Data\Module.Asset.Data.csproj", "{8B43F7A1-E451-47A3-AF8E-DA39B14F20CB}"
EndProject
Project("{9A19103F-16F7-4668-BE54-9A1E7A4F7556}") = "Module.Asset.Entities", "Modules\Asset\Module.Asset.Entities\Module.Asset.Entities.csproj", "{F906F9C5-1D27-4E77-9FC5-BDC67BCAD664}"
EndProject
Project("{9A19103F-16F7-4668-BE54-9A1E7A4F7556}") = "Module.Core.Shared", "Modules\Core\Module.Core.Shared\Module.Core.Shared.csproj", "{36F1460D-62C5-443C-A31A-1B2C2C005703}"
EndProject
Project("{9A19103F-16F7-4668-BE54-9A1E7A4F7556}") = "Module.Core.Hangfire", "Modules\Core\Module.Core.Hangfire\Module.Core.Hangfire.csproj", "{152565B5-0AF6-4F67-B49E-93C89C8C6E2A}"
EndProject
Project("{9A19103F-16F7-4668-BE54-9A1E7A4F7556}") = "Migrator", "Migrator\Migrator.csproj", "{F711E23C-F31A-4651-A1BF-F35B952EB43E}"
EndProject
Project("{2150E333-8FDC-42A3-9474-1A3956D46DE8}") = "Training", "Training", "{B886F995-1790-479A-A36E-FBFABA0C8F63}"
EndProject
Project("{9A19103F-16F7-4668-BE54-9A1E7A4F7556}") = "Module.Training", "Modules\Training\Module.Training\Module.Training.csproj", "{2FF35CD3-DD31-4212-8AB1-2D70480B8123}"
EndProject
Project("{9A19103F-16F7-4668-BE54-9A1E7A4F7556}") = "Module.Training.Data", "Modules\Training\Module.Training.Data\Module.Training.Data.csproj", "{EE52CCB0-145C-4CBD-ACF7-5139FECA6B18}"
EndProject
Project("{9A19103F-16F7-4668-BE54-9A1E7A4F7556}") = "Module.Training.Entities", "Modules\Training\Module.Training.Entities\Module.Training.Entities.csproj", "{CB89C1E8-04B8-4653-A40E-9FB8462ED13A}"
EndProject
Global
	GlobalSection(SolutionConfigurationPlatforms) = preSolution
		Debug|Any CPU = Debug|Any CPU
		Release|Any CPU = Release|Any CPU
	EndGlobalSection
	GlobalSection(ProjectConfigurationPlatforms) = postSolution
		{7E1416D0-3931-4214-BC98-F00ABB69F5B5}.Debug|Any CPU.ActiveCfg = Debug|Any CPU
		{7E1416D0-3931-4214-BC98-F00ABB69F5B5}.Debug|Any CPU.Build.0 = Debug|Any CPU
		{7E1416D0-3931-4214-BC98-F00ABB69F5B5}.Release|Any CPU.ActiveCfg = Release|Any CPU
		{7E1416D0-3931-4214-BC98-F00ABB69F5B5}.Release|Any CPU.Build.0 = Release|Any CPU
		{991794D9-E5FE-4BF1-81EC-D145EADC7A21}.Debug|Any CPU.ActiveCfg = Debug|Any CPU
		{991794D9-E5FE-4BF1-81EC-D145EADC7A21}.Debug|Any CPU.Build.0 = Debug|Any CPU
		{991794D9-E5FE-4BF1-81EC-D145EADC7A21}.Release|Any CPU.ActiveCfg = Release|Any CPU
		{991794D9-E5FE-4BF1-81EC-D145EADC7A21}.Release|Any CPU.Build.0 = Release|Any CPU
		{347A9858-AFB0-44E1-B5D4-295CB1184A90}.Debug|Any CPU.ActiveCfg = Debug|Any CPU
		{347A9858-AFB0-44E1-B5D4-295CB1184A90}.Debug|Any CPU.Build.0 = Debug|Any CPU
		{347A9858-AFB0-44E1-B5D4-295CB1184A90}.Release|Any CPU.ActiveCfg = Release|Any CPU
		{347A9858-AFB0-44E1-B5D4-295CB1184A90}.Release|Any CPU.Build.0 = Release|Any CPU
		{BE9DCA62-8CF1-40B9-A4F3-947181268123}.Debug|Any CPU.ActiveCfg = Debug|Any CPU
		{BE9DCA62-8CF1-40B9-A4F3-947181268123}.Debug|Any CPU.Build.0 = Debug|Any CPU
		{BE9DCA62-8CF1-40B9-A4F3-947181268123}.Release|Any CPU.ActiveCfg = Release|Any CPU
		{BE9DCA62-8CF1-40B9-A4F3-947181268123}.Release|Any CPU.Build.0 = Release|Any CPU
		{B863E630-14CB-4103-A291-7FD6F5F6E771}.Debug|Any CPU.ActiveCfg = Debug|Any CPU
		{B863E630-14CB-4103-A291-7FD6F5F6E771}.Debug|Any CPU.Build.0 = Debug|Any CPU
		{B863E630-14CB-4103-A291-7FD6F5F6E771}.Release|Any CPU.ActiveCfg = Release|Any CPU
		{B863E630-14CB-4103-A291-7FD6F5F6E771}.Release|Any CPU.Build.0 = Release|Any CPU
		{CFC88087-2D85-4352-BC75-039BE7187573}.Debug|Any CPU.ActiveCfg = Debug|Any CPU
		{CFC88087-2D85-4352-BC75-039BE7187573}.Debug|Any CPU.Build.0 = Debug|Any CPU
		{CFC88087-2D85-4352-BC75-039BE7187573}.Release|Any CPU.ActiveCfg = Release|Any CPU
		{CFC88087-2D85-4352-BC75-039BE7187573}.Release|Any CPU.Build.0 = Release|Any CPU
		{DFEBAC86-E6F7-45C4-911E-6027057F8EAC}.Debug|Any CPU.ActiveCfg = Debug|Any CPU
		{DFEBAC86-E6F7-45C4-911E-6027057F8EAC}.Debug|Any CPU.Build.0 = Debug|Any CPU
		{DFEBAC86-E6F7-45C4-911E-6027057F8EAC}.Release|Any CPU.ActiveCfg = Release|Any CPU
		{DFEBAC86-E6F7-45C4-911E-6027057F8EAC}.Release|Any CPU.Build.0 = Release|Any CPU
		{F0710713-FA5C-4F5F-B08D-B2E92B886B59}.Debug|Any CPU.ActiveCfg = Debug|Any CPU
		{F0710713-FA5C-4F5F-B08D-B2E92B886B59}.Debug|Any CPU.Build.0 = Debug|Any CPU
		{F0710713-FA5C-4F5F-B08D-B2E92B886B59}.Release|Any CPU.ActiveCfg = Release|Any CPU
		{F0710713-FA5C-4F5F-B08D-B2E92B886B59}.Release|Any CPU.Build.0 = Release|Any CPU
		{5D27D6F0-5C1A-45BD-84A6-72A0F8609702}.Debug|Any CPU.ActiveCfg = Debug|Any CPU
		{5D27D6F0-5C1A-45BD-84A6-72A0F8609702}.Debug|Any CPU.Build.0 = Debug|Any CPU
		{5D27D6F0-5C1A-45BD-84A6-72A0F8609702}.Release|Any CPU.ActiveCfg = Release|Any CPU
		{5D27D6F0-5C1A-45BD-84A6-72A0F8609702}.Release|Any CPU.Build.0 = Release|Any CPU
		{5B3106EB-5952-432E-8317-68CB1F7D8D79}.Debug|Any CPU.ActiveCfg = Debug|Any CPU
		{5B3106EB-5952-432E-8317-68CB1F7D8D79}.Debug|Any CPU.Build.0 = Debug|Any CPU
		{5B3106EB-5952-432E-8317-68CB1F7D8D79}.Release|Any CPU.ActiveCfg = Release|Any CPU
		{5B3106EB-5952-432E-8317-68CB1F7D8D79}.Release|Any CPU.Build.0 = Release|Any CPU
		{8F185F46-0F62-455A-BB31-088FCEFB5A86}.Debug|Any CPU.ActiveCfg = Debug|Any CPU
		{8F185F46-0F62-455A-BB31-088FCEFB5A86}.Debug|Any CPU.Build.0 = Debug|Any CPU
		{8F185F46-0F62-455A-BB31-088FCEFB5A86}.Release|Any CPU.ActiveCfg = Release|Any CPU
		{8F185F46-0F62-455A-BB31-088FCEFB5A86}.Release|Any CPU.Build.0 = Release|Any CPU
		{D445EBA7-70CD-446B-85E7-4F327F72F1CC}.Debug|Any CPU.ActiveCfg = Debug|Any CPU
		{D445EBA7-70CD-446B-85E7-4F327F72F1CC}.Debug|Any CPU.Build.0 = Debug|Any CPU
		{D445EBA7-70CD-446B-85E7-4F327F72F1CC}.Release|Any CPU.ActiveCfg = Release|Any CPU
		{D445EBA7-70CD-446B-85E7-4F327F72F1CC}.Release|Any CPU.Build.0 = Release|Any CPU
		{8B43F7A1-E451-47A3-AF8E-DA39B14F20CB}.Debug|Any CPU.ActiveCfg = Debug|Any CPU
		{8B43F7A1-E451-47A3-AF8E-DA39B14F20CB}.Debug|Any CPU.Build.0 = Debug|Any CPU
		{8B43F7A1-E451-47A3-AF8E-DA39B14F20CB}.Release|Any CPU.ActiveCfg = Release|Any CPU
		{8B43F7A1-E451-47A3-AF8E-DA39B14F20CB}.Release|Any CPU.Build.0 = Release|Any CPU
		{F906F9C5-1D27-4E77-9FC5-BDC67BCAD664}.Debug|Any CPU.ActiveCfg = Debug|Any CPU
		{F906F9C5-1D27-4E77-9FC5-BDC67BCAD664}.Debug|Any CPU.Build.0 = Debug|Any CPU
		{F906F9C5-1D27-4E77-9FC5-BDC67BCAD664}.Release|Any CPU.ActiveCfg = Release|Any CPU
		{F906F9C5-1D27-4E77-9FC5-BDC67BCAD664}.Release|Any CPU.Build.0 = Release|Any CPU
		{36F1460D-62C5-443C-A31A-1B2C2C005703}.Debug|Any CPU.ActiveCfg = Debug|Any CPU
		{36F1460D-62C5-443C-A31A-1B2C2C005703}.Debug|Any CPU.Build.0 = Debug|Any CPU
		{36F1460D-62C5-443C-A31A-1B2C2C005703}.Release|Any CPU.ActiveCfg = Release|Any CPU
		{36F1460D-62C5-443C-A31A-1B2C2C005703}.Release|Any CPU.Build.0 = Release|Any CPU
		{152565B5-0AF6-4F67-B49E-93C89C8C6E2A}.Debug|Any CPU.ActiveCfg = Debug|Any CPU
		{152565B5-0AF6-4F67-B49E-93C89C8C6E2A}.Debug|Any CPU.Build.0 = Debug|Any CPU
		{152565B5-0AF6-4F67-B49E-93C89C8C6E2A}.Release|Any CPU.ActiveCfg = Release|Any CPU
		{152565B5-0AF6-4F67-B49E-93C89C8C6E2A}.Release|Any CPU.Build.0 = Release|Any CPU
		{F711E23C-F31A-4651-A1BF-F35B952EB43E}.Debug|Any CPU.ActiveCfg = Debug|Any CPU
		{F711E23C-F31A-4651-A1BF-F35B952EB43E}.Debug|Any CPU.Build.0 = Debug|Any CPU
		{F711E23C-F31A-4651-A1BF-F35B952EB43E}.Release|Any CPU.ActiveCfg = Release|Any CPU
		{F711E23C-F31A-4651-A1BF-F35B952EB43E}.Release|Any CPU.Build.0 = Release|Any CPU
		{2FF35CD3-DD31-4212-8AB1-2D70480B8123}.Debug|Any CPU.ActiveCfg = Debug|Any CPU
		{2FF35CD3-DD31-4212-8AB1-2D70480B8123}.Debug|Any CPU.Build.0 = Debug|Any CPU
		{2FF35CD3-DD31-4212-8AB1-2D70480B8123}.Release|Any CPU.ActiveCfg = Release|Any CPU
		{2FF35CD3-DD31-4212-8AB1-2D70480B8123}.Release|Any CPU.Build.0 = Release|Any CPU
		{EE52CCB0-145C-4CBD-ACF7-5139FECA6B18}.Debug|Any CPU.ActiveCfg = Debug|Any CPU
		{EE52CCB0-145C-4CBD-ACF7-5139FECA6B18}.Debug|Any CPU.Build.0 = Debug|Any CPU
		{EE52CCB0-145C-4CBD-ACF7-5139FECA6B18}.Release|Any CPU.ActiveCfg = Release|Any CPU
		{EE52CCB0-145C-4CBD-ACF7-5139FECA6B18}.Release|Any CPU.Build.0 = Release|Any CPU
		{CB89C1E8-04B8-4653-A40E-9FB8462ED13A}.Debug|Any CPU.ActiveCfg = Debug|Any CPU
		{CB89C1E8-04B8-4653-A40E-9FB8462ED13A}.Debug|Any CPU.Build.0 = Debug|Any CPU
		{CB89C1E8-04B8-4653-A40E-9FB8462ED13A}.Release|Any CPU.ActiveCfg = Release|Any CPU
		{CB89C1E8-04B8-4653-A40E-9FB8462ED13A}.Release|Any CPU.Build.0 = Release|Any CPU
	EndGlobalSection
	GlobalSection(SolutionProperties) = preSolution
		HideSolutionNode = FALSE
	EndGlobalSection
	GlobalSection(NestedProjects) = preSolution
		{991794D9-E5FE-4BF1-81EC-D145EADC7A21} = {9344779B-52EC-4EF4-A3DA-4BBA39C56C69}
		{6DF31C22-56F5-461F-BE38-8279004B3876} = {DB026965-CA94-4083-A796-9FBD86B9AEB9}
		{720C31FB-EF1F-495E-80B4-D1DA67460814} = {DB026965-CA94-4083-A796-9FBD86B9AEB9}
		{347A9858-AFB0-44E1-B5D4-295CB1184A90} = {9344779B-52EC-4EF4-A3DA-4BBA39C56C69}
		{BE9DCA62-8CF1-40B9-A4F3-947181268123} = {9344779B-52EC-4EF4-A3DA-4BBA39C56C69}
		{B863E630-14CB-4103-A291-7FD6F5F6E771} = {6DF31C22-56F5-461F-BE38-8279004B3876}
		{CFC88087-2D85-4352-BC75-039BE7187573} = {6DF31C22-56F5-461F-BE38-8279004B3876}
		{DFEBAC86-E6F7-45C4-911E-6027057F8EAC} = {9344779B-52EC-4EF4-A3DA-4BBA39C56C69}
		{F0710713-FA5C-4F5F-B08D-B2E92B886B59} = {6DF31C22-56F5-461F-BE38-8279004B3876}
		{5D27D6F0-5C1A-45BD-84A6-72A0F8609702} = {720C31FB-EF1F-495E-80B4-D1DA67460814}
		{5B3106EB-5952-432E-8317-68CB1F7D8D79} = {720C31FB-EF1F-495E-80B4-D1DA67460814}
		{8F185F46-0F62-455A-BB31-088FCEFB5A86} = {720C31FB-EF1F-495E-80B4-D1DA67460814}
		{D129826C-A205-42AD-9DD3-8FB6E6231B61} = {DB026965-CA94-4083-A796-9FBD86B9AEB9}
		{D445EBA7-70CD-446B-85E7-4F327F72F1CC} = {D129826C-A205-42AD-9DD3-8FB6E6231B61}
		{8B43F7A1-E451-47A3-AF8E-DA39B14F20CB} = {D129826C-A205-42AD-9DD3-8FB6E6231B61}
		{F906F9C5-1D27-4E77-9FC5-BDC67BCAD664} = {D129826C-A205-42AD-9DD3-8FB6E6231B61}
		{36F1460D-62C5-443C-A31A-1B2C2C005703} = {6DF31C22-56F5-461F-BE38-8279004B3876}
		{152565B5-0AF6-4F67-B49E-93C89C8C6E2A} = {6DF31C22-56F5-461F-BE38-8279004B3876}
		{B886F995-1790-479A-A36E-FBFABA0C8F63} = {DB026965-CA94-4083-A796-9FBD86B9AEB9}
		{2FF35CD3-DD31-4212-8AB1-2D70480B8123} = {B886F995-1790-479A-A36E-FBFABA0C8F63}
		{EE52CCB0-145C-4CBD-ACF7-5139FECA6B18} = {B886F995-1790-479A-A36E-FBFABA0C8F63}
		{CB89C1E8-04B8-4653-A40E-9FB8462ED13A} = {B886F995-1790-479A-A36E-FBFABA0C8F63}
	EndGlobalSection
	GlobalSection(ExtensibilityGlobals) = postSolution
		SolutionGuid = {EC35E289-98A4-4835-8C65-0DEEE6BAD1EA}
	EndGlobalSection
EndGlobal
